{
  "version": 4,
  "terraform_version": "0.12.5",
  "serial": 20,
  "lineage": "961de564-89bf-70d0-9057-71217cf4942c",
  "outputs": {},
  "resources": [
    {
      "mode": "managed",
      "type": "azurerm_network_interface",
      "name": "ni",
      "provider": "provider.azurerm",
      "instances": [
        {
          "schema_version": 0,
          "attributes": {
            "applied_dns_servers": [],
            "dns_servers": [],
            "enable_accelerated_networking": false,
            "enable_ip_forwarding": false,
            "id": "/subscriptions/0cfc7278-12e7-4a8a-a4ae-9ac9fe05cc95/resourceGroups/abcsa/providers/Microsoft.Network/networkInterfaces/NI1-nic",
            "internal_dns_name_label": "",
            "internal_fqdn": "",
            "ip_configuration": [
              {
                "application_gateway_backend_address_pools_ids": [],
                "application_security_group_ids": [],
                "load_balancer_backend_address_pools_ids": [],
                "load_balancer_inbound_nat_rules_ids": [],
                "name": "TC1",
                "primary": true,
                "private_ip_address": "",
                "private_ip_address_allocation": "dynamic",
                "private_ip_address_version": "IPv4",
                "public_ip_address_id": "",
                "subnet_id": "/subscriptions/0cfc7278-12e7-4a8a-a4ae-9ac9fe05cc95/resourceGroups/abcsa/providers/Microsoft.Network/virtualNetworks/testsa/subnets/subnet"
              }
            ],
            "location": "southeastasia",
            "mac_address": "",
            "name": "NI1-nic",
            "network_security_group_id": "",
            "private_ip_address": "10.0.1.4",
            "private_ip_addresses": [
              "10.0.1.4"
            ],
            "resource_group_name": "abcsa",
            "tags": {},
            "virtual_machine_id": null
          },
          "depends_on": [
            "azurerm_resource_group.Johnrgter",
            "azurerm_subnet.subnet"
          ]
        }
      ]
    },
    {
      "mode": "managed",
      "type": "azurerm_public_ip",
      "name": "ip",
      "provider": "provider.azurerm",
      "instances": [
        {
          "schema_version": 0,
          "attributes": {
            "allocation_method": "Static",
            "domain_name_label": null,
            "fqdn": null,
            "id": "/subscriptions/0cfc7278-12e7-4a8a-a4ae-9ac9fe05cc95/resourceGroups/abcsa/providers/Microsoft.Network/publicIPAddresses/PublicIp",
            "idle_timeout_in_minutes": 4,
            "ip_address": "168.63.244.153",
            "ip_version": "IPv4",
            "location": "southeastasia",
            "name": "PublicIp",
            "public_ip_address_allocation": "Static",
            "public_ip_prefix_id": null,
            "resource_group_name": "abcsa",
            "reverse_fqdn": null,
            "sku": "Basic",
            "tags": {},
            "zones": null
          },
          "depends_on": [
            "azurerm_resource_group.Johnrgter"
          ]
        }
      ]
    },
    {
      "mode": "managed",
      "type": "azurerm_resource_group",
      "name": "Johnrgter",
      "provider": "provider.azurerm",
      "instances": [
        {
          "schema_version": 0,
          "attributes": {
            "id": "/subscriptions/0cfc7278-12e7-4a8a-a4ae-9ac9fe05cc95/resourceGroups/abcsa",
            "location": "southeastasia",
            "name": "abcsa",
            "tags": {}
          }
        }
      ]
    },
    {
      "mode": "managed",
      "type": "azurerm_storage_account",
      "name": "testsa",
      "provider": "provider.azurerm",
      "instances": [
        {
          "schema_version": 2,
          "attributes": {
            "access_tier": "",
            "account_encryption_source": "Microsoft.Storage",
            "account_kind": "Storage",
            "account_replication_type": "GRS",
            "account_tier": "Standard",
            "account_type": "Standard_GRS",
            "custom_domain": [],
            "enable_blob_encryption": true,
            "enable_file_encryption": true,
            "enable_https_traffic_only": false,
            "id": "/subscriptions/0cfc7278-12e7-4a8a-a4ae-9ac9fe05cc95/resourceGroups/abcsa/providers/Microsoft.Storage/storageAccounts/john117117",
            "identity": [],
            "is_hns_enabled": false,
            "location": "southeastasia",
            "name": "john117117",
            "network_rules": [],
            "primary_access_key": "F1Qj4ahaGQZT9VGE4j21Dch20gP/UkjF7q/EqqjfmRZrxdWPi0wG3OnYYllUR4riF1hKmHMj47AsHxaRZVcIQQ==",
            "primary_blob_connection_string": "DefaultEndpointsProtocol=https;BlobEndpoint=https://john117117.blob.core.windows.net/;AccountName=john117117;AccountKey=F1Qj4ahaGQZT9VGE4j21Dch20gP/UkjF7q/EqqjfmRZrxdWPi0wG3OnYYllUR4riF1hKmHMj47AsHxaRZVcIQQ==",
            "primary_blob_endpoint": "https://john117117.blob.core.windows.net/",
            "primary_blob_host": "john117117.blob.core.windows.net",
            "primary_connection_string": "DefaultEndpointsProtocol=https;AccountName=john117117;AccountKey=F1Qj4ahaGQZT9VGE4j21Dch20gP/UkjF7q/EqqjfmRZrxdWPi0wG3OnYYllUR4riF1hKmHMj47AsHxaRZVcIQQ==;EndpointSuffix=core.windows.net",
            "primary_dfs_endpoint": "",
            "primary_dfs_host": "",
            "primary_file_endpoint": "https://john117117.file.core.windows.net/",
            "primary_file_host": "john117117.file.core.windows.net",
            "primary_location": "southeastasia",
            "primary_queue_endpoint": "https://john117117.queue.core.windows.net/",
            "primary_queue_host": "john117117.queue.core.windows.net",
            "primary_table_endpoint": "https://john117117.table.core.windows.net/",
            "primary_table_host": "john117117.table.core.windows.net",
            "primary_web_endpoint": "",
            "primary_web_host": "",
            "resource_group_name": "abcsa",
            "secondary_access_key": "4mD8azeGXN4eyGDLNydnMkYMcQ9j7ZWNP3lyB0dItx37Hun0i8mUpYbP4PXD9Ct7V4Mjg+umYgt9Ab0MSVRzSw==",
            "secondary_blob_connection_string": "",
            "secondary_blob_endpoint": null,
            "secondary_blob_host": null,
            "secondary_connection_string": "DefaultEndpointsProtocol=https;AccountName=john117117;AccountKey=4mD8azeGXN4eyGDLNydnMkYMcQ9j7ZWNP3lyB0dItx37Hun0i8mUpYbP4PXD9Ct7V4Mjg+umYgt9Ab0MSVRzSw==;EndpointSuffix=core.windows.net",
            "secondary_dfs_endpoint": null,
            "secondary_dfs_host": null,
            "secondary_file_endpoint": null,
            "secondary_file_host": null,
            "secondary_location": "eastasia",
            "secondary_queue_endpoint": null,
            "secondary_queue_host": null,
            "secondary_table_endpoint": null,
            "secondary_table_host": null,
            "secondary_web_endpoint": null,
            "secondary_web_host": null,
            "tags": {
              "environment": "staging"
            }
          },
          "depends_on": [
            "azurerm_resource_group.Johnrgter"
          ]
        }
      ]
    },
    {
      "mode": "managed",
      "type": "azurerm_subnet",
      "name": "subnet",
      "provider": "provider.azurerm",
      "instances": [
        {
          "schema_version": 0,
          "attributes": {
            "address_prefix": "10.0.1.0/24",
            "delegation": [],
            "id": "/subscriptions/0cfc7278-12e7-4a8a-a4ae-9ac9fe05cc95/resourceGroups/abcsa/providers/Microsoft.Network/virtualNetworks/testsa/subnets/subnet",
            "ip_configurations": [
              "/subscriptions/0cfc7278-12e7-4a8a-a4ae-9ac9fe05cc95/resourceGroups/abcsa/providers/Microsoft.Network/networkInterfaces/NI1-nic/ipConfigurations/TC1"
            ],
            "name": "subnet",
            "network_security_group_id": "",
            "resource_group_name": "abcsa",
            "route_table_id": "",
            "service_endpoints": null,
            "virtual_network_name": "testsa"
          },
          "depends_on": [
            "azurerm_resource_group.Johnrgter",
            "azurerm_virtual_network.vn"
          ]
        }
      ]
    },
    {
      "mode": "managed",
      "type": "azurerm_virtual_machine",
      "name": "vm",
      "provider": "provider.azurerm",
      "instances": [
        {
          "schema_version": 0,
          "attributes": {
            "availability_set_id": null,
            "boot_diagnostics": [
              {
                "enabled": true,
                "storage_uri": "https://john117117.blob.core.windows.net/"
              }
            ],
            "delete_data_disks_on_termination": false,
            "delete_os_disk_on_termination": false,
            "id": "/subscriptions/0cfc7278-12e7-4a8a-a4ae-9ac9fe05cc95/resourceGroups/abcsa/providers/Microsoft.Compute/virtualMachines/virtualmachine-vm",
            "identity": [],
            "license_type": null,
            "location": "southeastasia",
            "name": "virtualmachine-vm",
            "network_interface_ids": [
              "/subscriptions/0cfc7278-12e7-4a8a-a4ae-9ac9fe05cc95/resourceGroups/abcsa/providers/Microsoft.Network/networkInterfaces/NI1-nic"
            ],
            "os_profile": [
              {
                "admin_password": "",
                "admin_username": "adminUsername",
                "computer_name": "ICG-KL",
                "custom_data": ""
              }
            ],
            "os_profile_linux_config": [],
            "os_profile_secrets": [],
            "os_profile_windows_config": [
              {
                "additional_unattend_config": [],
                "enable_automatic_upgrades": false,
                "provision_vm_agent": true,
                "timezone": "",
                "winrm": []
              }
            ],
            "plan": [],
            "primary_network_interface_id": null,
            "resource_group_name": "abcsa",
            "storage_data_disk": [],
            "storage_image_reference": [
              {
                "id": "",
                "offer": "WindowsServer",
                "publisher": "MicrosoftWindowsServer",
                "sku": "2016-Datacenter",
                "version": "latest"
              }
            ],
            "storage_os_disk": [
              {
                "caching": "ReadWrite",
                "create_option": "FromImage",
                "disk_size_gb": 127,
                "image_uri": "",
                "managed_disk_id": "/subscriptions/0cfc7278-12e7-4a8a-a4ae-9ac9fe05cc95/resourceGroups/abcsa/providers/Microsoft.Compute/disks/vm1-disk1",
                "managed_disk_type": "Standard_LRS",
                "name": "vm1-disk1",
                "os_type": "Windows",
                "vhd_uri": "",
                "write_accelerator_enabled": false
              }
            ],
            "tags": {},
            "vm_size": "Standard_D2s_v3",
            "zones": null
          },
          "private": "bnVsbA==",
          "depends_on": [
            "azurerm_network_interface.ni",
            "azurerm_resource_group.Johnrgter",
            "azurerm_storage_account.testsa"
          ]
        }
      ]
    },
    {
      "mode": "managed",
      "type": "azurerm_virtual_network",
      "name": "vn",
      "provider": "provider.azurerm",
      "instances": [
        {
          "schema_version": 0,
          "attributes": {
            "address_space": [
              "10.0.0.0/16"
            ],
            "ddos_protection_plan": [],
            "dns_servers": null,
            "id": "/subscriptions/0cfc7278-12e7-4a8a-a4ae-9ac9fe05cc95/resourceGroups/abcsa/providers/Microsoft.Network/virtualNetworks/testsa",
            "location": "southeastasia",
            "name": "testsa",
            "resource_group_name": "abcsa",
            "subnet": [
              {
                "address_prefix": "10.0.1.0/24",
                "id": "/subscriptions/0cfc7278-12e7-4a8a-a4ae-9ac9fe05cc95/resourceGroups/abcsa/providers/Microsoft.Network/virtualNetworks/testsa/subnets/subnet",
                "name": "subnet",
                "security_group": ""
              }
            ],
            "tags": {}
          },
          "depends_on": [
            "azurerm_resource_group.Johnrgter"
          ]
        }
      ]
    }
  ]
}
